<Solution>
  <Folder Name="/Hosting/">
    <Project Path="KPO_HW3.AppHost/KPO_HW3.AppHost.csproj" />
    <Project Path="KPO_HW3.ServiceDefaults/KPO_HW3.ServiceDefaults.csproj" />
  </Folder>
  <Project Path="KPO_HW3.Api/KPO_HW3.Api.csproj" />
  <Project Path="KPO_HW3.FileAnalysisService/KPO_HW3.FileAnalysisService.csproj" />
  <Project Path="KPO_HW3.FileStorageService/KPO_HW3.FileStorageService.csproj" />
</Solution>
